// !$*UTF8*$!
{
	archiveVersion = 1;
	classes = {
	};
	objectVersion = 50;
	objects = {

/* Begin PBXBuildFile section */
		CAE6A7F524639652001D713A /* AppDelegate.swift in Sources */ = {isa = PBXBuildFile; fileRef = CAE6A7F424639652001D713A /* AppDelegate.swift */; };
		CAE6A7F724639652001D713A /* SceneDelegate.swift in Sources */ = {isa = PBXBuildFile; fileRef = CAE6A7F624639652001D713A /* SceneDelegate.swift */; };
		CAE6A7FC24639652001D713A /* Main.storyboard in Resources */ = {isa = PBXBuildFile; fileRef = CAE6A7FA24639652001D713A /* Main.storyboard */; };
		CAE6A7FE24639656001D713A /* Assets.xcassets in Resources */ = {isa = PBXBuildFile; fileRef = CAE6A7FD24639656001D713A /* Assets.xcassets */; };
		CAE6A80124639656001D713A /* LaunchScreen.storyboard in Resources */ = {isa = PBXBuildFile; fileRef = CAE6A7FF24639656001D713A /* LaunchScreen.storyboard */; };
		CAE6A80C2463A155001D713A /* SearchResult.swift in Sources */ = {isa = PBXBuildFile; fileRef = CAE6A80B2463A155001D713A /* SearchResult.swift */; };
		CAE6A80E2463A267001D713A /* SearchResultController.swift in Sources */ = {isa = PBXBuildFile; fileRef = CAE6A80D2463A267001D713A /* SearchResultController.swift */; };
		CAE6A8102463B196001D713A /* ResultType.swift in Sources */ = {isa = PBXBuildFile; fileRef = CAE6A80F2463B195001D713A /* ResultType.swift */; };
		CAE6A8122464A819001D713A /* SearchResultsTableViewController.swift in Sources */ = {isa = PBXBuildFile; fileRef = CAE6A8112464A819001D713A /* SearchResultsTableViewController.swift */; };
		CAE6A8152464AA8C001D713A /* ResultsTableViewCell.swift in Sources */ = {isa = PBXBuildFile; fileRef = CAE6A8142464AA8C001D713A /* ResultsTableViewCell.swift */; };
/* End PBXBuildFile section */

/* Begin PBXFileReference section */
		CAE6A7F124639652001D713A /* iTunes Search.app */ = {isa = PBXFileReference; explicitFileType = wrapper.application; includeInIndex = 0; path = "iTunes Search.app"; sourceTree = BUILT_PRODUCTS_DIR; };
		CAE6A7F424639652001D713A /* AppDelegate.swift */ = {isa = PBXFileReference; lastKnownFileType = sourcecode.swift; path = AppDelegate.swift; sourceTree = "<group>"; };
		CAE6A7F624639652001D713A /* SceneDelegate.swift */ = {isa = PBXFileReference; lastKnownFileType = sourcecode.swift; path = SceneDelegate.swift; sourceTree = "<group>"; };
		CAE6A7FB24639652001D713A /* Base */ = {isa = PBXFileReference; lastKnownFileType = file.storyboard; name = Base; path = Base.lproj/Main.storyboard; sourceTree = "<group>"; };
		CAE6A7FD24639656001D713A /* Assets.xcassets */ = {isa = PBXFileReference; lastKnownFileType = folder.assetcatalog; path = Assets.xcassets; sourceTree = "<group>"; };
		CAE6A80024639656001D713A /* Base */ = {isa = PBXFileReference; lastKnownFileType = file.storyboard; name = Base; path = Base.lproj/LaunchScreen.storyboard; sourceTree = "<group>"; };
		CAE6A80224639656001D713A /* Info.plist */ = {isa = PBXFileReference; lastKnownFileType = text.plist.xml; path = Info.plist; sourceTree = "<group>"; };
		CAE6A80B2463A155001D713A /* SearchResult.swift */ = {isa = PBXFileReference; lastKnownFileType = sourcecode.swift; path = SearchResult.swift; sourceTree = "<group>"; };
		CAE6A80D2463A267001D713A /* SearchResultController.swift */ = {isa = PBXFileReference; lastKnownFileType = sourcecode.swift; path = SearchResultController.swift; sourceTree = "<group>"; };
		CAE6A80F2463B195001D713A /* ResultType.swift */ = {isa = PBXFileReference; lastKnownFileType = sourcecode.swift; path = ResultType.swift; sourceTree = "<group>"; };
		CAE6A8112464A819001D713A /* SearchResultsTableViewController.swift */ = {isa = PBXFileReference; lastKnownFileType = sourcecode.swift; path = SearchResultsTableViewController.swift; sourceTree = "<group>"; };
		CAE6A8142464AA8C001D713A /* ResultsTableViewCell.swift */ = {isa = PBXFileReference; lastKnownFileType = sourcecode.swift; path = ResultsTableViewCell.swift; sourceTree = "<group>"; };
/* End PBXFileReference section */

/* Begin PBXFrameworksBuildPhase section */
		CAE6A7EE24639652001D713A /* Frameworks */ = {
			isa = PBXFrameworksBuildPhase;
			buildActionMask = 2147483647;
			files = (
			);
			runOnlyForDeploymentPostprocessing = 0;
		};
/* End PBXFrameworksBuildPhase section */

/* Begin PBXGroup section */
		CAE6A7E824639652001D713A = {
			isa = PBXGroup;
			children = (
				CAE6A7F324639652001D713A /* iTunes Search */,
				CAE6A7F224639652001D713A /* Products */,
			);
			sourceTree = "<group>";
		};
		CAE6A7F224639652001D713A /* Products */ = {
			isa = PBXGroup;
			children = (
				CAE6A7F124639652001D713A /* iTunes Search.app */,
			);
			name = Products;
			sourceTree = "<group>";
		};
		CAE6A7F324639652001D713A /* iTunes Search */ = {
			isa = PBXGroup;
			children = (
				CAE6A7F424639652001D713A /* AppDelegate.swift */,
				CAE6A7F624639652001D713A /* SceneDelegate.swift */,
				CAE6A80A2463A12D001D713A /* Controllers */,
				CAE6A8092463A127001D713A /* Views */,
				CAE6A8082463A10C001D713A /* Models */,
				CAE6A7FD24639656001D713A /* Assets.xcassets */,
				CAE6A80224639656001D713A /* Info.plist */,
			);
			path = "iTunes Search";
			sourceTree = "<group>";
		};
		CAE6A8082463A10C001D713A /* Models */ = {
			isa = PBXGroup;
			children = (
				CAE6A80D2463A267001D713A /* SearchResultController.swift */,
				CAE6A80B2463A155001D713A /* SearchResult.swift */,
				CAE6A80F2463B195001D713A /* ResultType.swift */,
			);
			path = Models;
			sourceTree = "<group>";
		};
		CAE6A8092463A127001D713A /* Views */ = {
			isa = PBXGroup;
			children = (
				CAE6A8142464AA8C001D713A /* ResultsTableViewCell.swift */,
				CAE6A7FA24639652001D713A /* Main.storyboard */,
				CAE6A7FF24639656001D713A /* LaunchScreen.storyboard */,
			);
			path = Views;
			sourceTree = "<group>";
		};
		CAE6A80A2463A12D001D713A /* Controllers */ = {
			isa = PBXGroup;
			children = (
				CAE6A8112464A819001D713A /* SearchResultsTableViewController.swift */,
			);
			path = Controllers;
			sourceTree = "<group>";
		};
/* End PBXGroup section */

/* Begin PBXNativeTarget section */
		CAE6A7F024639652001D713A /* iTunes Search */ = {
			isa = PBXNativeTarget;
			buildConfigurationList = CAE6A80524639656001D713A /* Build configuration list for PBXNativeTarget "iTunes Search" */;
			buildPhases = (
				CAE6A7ED24639652001D713A /* Sources */,
				CAE6A7EE24639652001D713A /* Frameworks */,
				CAE6A7EF24639652001D713A /* Resources */,
			);
			buildRules = (
			);
			dependencies = (
			);
			name = "iTunes Search";
			productName = "iTunes Search";
			productReference = CAE6A7F124639652001D713A /* iTunes Search.app */;
			productType = "com.apple.product-type.application";
		};
/* End PBXNativeTarget section */

/* Begin PBXProject section */
		CAE6A7E924639652001D713A /* Project object */ = {
			isa = PBXProject;
			attributes = {
				LastSwiftUpdateCheck = 1100;
				LastUpgradeCheck = 1100;
				ORGANIZATIONNAME = "Bohdan Tkachenko";
				TargetAttributes = {
					CAE6A7F024639652001D713A = {
						CreatedOnToolsVersion = 11.0;
					};
				};
			};
			buildConfigurationList = CAE6A7EC24639652001D713A /* Build configuration list for PBXProject "iTunes Search" */;
			compatibilityVersion = "Xcode 9.3";
			developmentRegion = en;
			hasScannedForEncodings = 0;
			knownRegions = (
				en,
				Base,
			);
			mainGroup = CAE6A7E824639652001D713A;
			productRefGroup = CAE6A7F224639652001D713A /* Products */;
			projectDirPath = "";
			projectRoot = "";
			targets = (
				CAE6A7F024639652001D713A /* iTunes Search */,
			);
		};
/* End PBXProject section */

/* Begin PBXResourcesBuildPhase section */
		CAE6A7EF24639652001D713A /* Resources */ = {
			isa = PBXResourcesBuildPhase;
			buildActionMask = 2147483647;
			files = (
				CAE6A80124639656001D713A /* LaunchScreen.storyboard in Resources */,
				CAE6A7FE24639656001D713A /* Assets.xcassets in Resources */,
				CAE6A7FC24639652001D713A /* Main.storyboard in Resources */,
			);
			runOnlyForDeploymentPostprocessing = 0;
		};
/* End PBXResourcesBuildPhase section */

/* Begin PBXSourcesBuildPhase section */
		CAE6A7ED24639652001D713A /* Sources */ = {
			isa = PBXSourcesBuildPhase;
			buildActionMask = 2147483647;
			files = (
				CAE6A8102463B196001D713A /* ResultType.swift in Sources */,
				CAE6A80E2463A267001D713A /* SearchResultController.swift in Sources */,
				CAE6A8152464AA8C001D713A /* ResultsTableViewCell.swift in Sources */,
				CAE6A8122464A819001D713A /* SearchResultsTableViewController.swift in Sources */,
				CAE6A7F524639652001D713A /* AppDelegate.swift in Sources */,
				CAE6A80C2463A155001D713A /* SearchResult.swift in Sources */,
				CAE6A7F724639652001D713A /* SceneDelegate.swift in Sources */,
			);
			runOnlyForDeploymentPostprocessing = 0;
		};
/* End PBXSourcesBuildPhase section */

/* Begin PBXVariantGroup section */
		CAE6A7FA24639652001D713A /* Main.storyboard */ = {
			isa = PBXVariantGroup;
			children = (
				CAE6A7FB24639652001D713A /* Base */,
			);
			name = Main.storyboard;
			sourceTree = "<group>";
		};
		CAE6A7FF24639656001D713A /* LaunchScreen.storyboard */ = {
			isa = PBXVariantGroup;
			children = (
				CAE6A80024639656001D713A /* Base */,
			);
			name = LaunchScreen.storyboard;
			sourceTree = "<group>";
		};
/* End PBXVariantGroup section */

/* Begin XCBuildConfiguration section */
		CAE6A80324639656001D713A /* Debug */ = {
			isa = XCBuildConfiguration;
			buildSettings = {
				ALWAYS_SEARCH_USER_PATHS = NO;
				CLANG_ANALYZER_NONNULL = YES;
				CLANG_ANALYZER_NUMBER_OBJECT_CONVERSION = YES_AGGRESSIVE;
				CLANG_CXX_LANGUAGE_STANDARD = "gnu++14";
				CLANG_CXX_LIBRARY = "libc++";
				CLANG_ENABLE_MODULES = YES;
				CLANG_ENABLE_OBJC_ARC = YES;
				CLANG_ENABLE_OBJC_WEAK = YES;
				CLANG_WARN_BLOCK_CAPTURE_AUTORELEASING = YES;
				CLANG_WARN_BOOL_CONVERSION = YES;
				CLANG_WARN_COMMA = YES;
				CLANG_WARN_CONSTANT_CONVERSION = YES;
				CLANG_WARN_DEPRECATED_OBJC_IMPLEMENTATIONS = YES;
				CLANG_WARN_DIRECT_OBJC_ISA_USAGE = YES_ERROR;
				CLANG_WARN_DOCUMENTATION_COMMENTS = YES;
				CLANG_WARN_EMPTY_BODY = YES;
				CLANG_WARN_ENUM_CONVERSION = YES;
				CLANG_WARN_INFINITE_RECURSION = YES;
				CLANG_WARN_INT_CONVERSION = YES;
				CLANG_WARN_NON_LITERAL_NULL_CONVERSION = YES;
				CLANG_WARN_OBJC_IMPLICIT_RETAIN_SELF = YES;
				CLANG_WARN_OBJC_LITERAL_CONVERSION = YES;
				CLANG_WARN_OBJC_ROOT_CLASS = YES_ERROR;
				CLANG_WARN_RANGE_LOOP_ANALYSIS = YES;
				CLANG_WARN_STRICT_PROTOTYPES = YES;
				CLANG_WARN_SUSPICIOUS_MOVE = YES;
				CLANG_WARN_UNGUARDED_AVAILABILITY = YES_AGGRESSIVE;
				CLANG_WARN_UNREACHABLE_CODE = YES;
				CLANG_WARN__DUPLICATE_METHOD_MATCH = YES;
				COPY_PHASE_STRIP = NO;
				DEBUG_INFORMATION_FORMAT = dwarf;
				ENABLE_STRICT_OBJC_MSGSEND = YES;
				ENABLE_TESTABILITY = YES;
				GCC_C_LANGUAGE_STANDARD = gnu11;
				GCC_DYNAMIC_NO_PIC = NO;
				GCC_NO_COMMON_BLOCKS = YES;
				GCC_OPTIMIZATION_LEVEL = 0;
				GCC_PREPROCESSOR_DEFINITIONS = (
					"DEBUG=1",
					"$(inherited)",
				);
				GCC_WARN_64_TO_32_BIT_CONVERSION = YES;
				GCC_WARN_ABOUT_RETURN_TYPE = YES_ERROR;
				GCC_WARN_UNDECLARED_SELECTOR = YES;
				GCC_WARN_UNINITIALIZED_AUTOS = YES_AGGRESSIVE;
				GCC_WARN_UNUSED_FUNCTION = YES;
				GCC_WARN_UNUSED_VARIABLE = YES;
				IPHONEOS_DEPLOYMENT_TARGET = 13.0;
				MTL_ENABLE_DEBUG_INFO = INCLUDE_SOURCE;
				MTL_FAST_MATH = YES;
				ONLY_ACTIVE_ARCH = YES;
				SDKROOT = iphoneos;
				SWIFT_ACTIVE_COMPILATION_CONDITIONS = DEBUG;
				SWIFT_OPTIMIZATION_LEVEL = "-Onone";
			};
			name = Debug;
		};
		CAE6A80424639656001D713A /* Release */ = {
			isa = XCBuildConfiguration;
			buildSettings = {
				ALWAYS_SEARCH_USER_PATHS = NO;
				CLANG_ANALYZER_NONNULL = YES;
				CLANG_ANALYZER_NUMBER_OBJECT_CONVERSION = YES_AGGRESSIVE;
				CLANG_CXX_LANGUAGE_STANDARD = "gnu++14";
				CLANG_CXX_LIBRARY = "libc++";
				CLANG_ENABLE_MODULES = YES;
				CLANG_ENABLE_OBJC_ARC = YES;
				CLANG_ENABLE_OBJC_WEAK = YES;
				CLANG_WARN_BLOCK_CAPTURE_AUTORELEASING = YES;
				CLANG_WARN_BOOL_CONVERSION = YES;
				CLANG_WARN_COMMA = YES;
				CLANG_WARN_CONSTANT_CONVERSION = YES;
				CLANG_WARN_DEPRECATED_OBJC_IMPLEMENTATIONS = YES;
				CLANG_WARN_DIRECT_OBJC_ISA_USAGE = YES_ERROR;
				CLANG_WARN_DOCUMENTATION_COMMENTS = YES;
				CLANG_WARN_EMPTY_BODY = YES;
				CLANG_WARN_ENUM_CONVERSION = YES;
				CLANG_WARN_INFINITE_RECURSION = YES;
				CLANG_WARN_INT_CONVERSION = YES;
				CLANG_WARN_NON_LITERAL_NULL_CONVERSION = YES;
				CLANG_WARN_OBJC_IMPLICIT_RETAIN_SELF = YES;
				CLANG_WARN_OBJC_LITERAL_CONVERSION = YES;
				CLANG_WARN_OBJC_ROOT_CLASS = YES_ERROR;
				CLANG_WARN_RANGE_LOOP_ANALYSIS = YES;
				CLANG_WARN_STRICT_PROTOTYPES = YES;
				CLANG_WARN_SUSPICIOUS_MOVE = YES;
				CLANG_WARN_UNGUARDED_AVAILABILITY = YES_AGGRESSIVE;
				CLANG_WARN_UNREACHABLE_CODE = YES;
				CLANG_WARN__DUPLICATE_METHOD_MATCH = YES;
				COPY_PHASE_STRIP = NO;
				DEBUG_INFORMATION_FORMAT = "dwarf-with-dsym";
				ENABLE_NS_ASSERTIONS = NO;
				ENABLE_STRICT_OBJC_MSGSEND = YES;
				GCC_C_LANGUAGE_STANDARD = gnu11;
				GCC_NO_COMMON_BLOCKS = YES;
				GCC_WARN_64_TO_32_BIT_CONVERSION = YES;
				GCC_WARN_ABOUT_RETURN_TYPE = YES_ERROR;
				GCC_WARN_UNDECLARED_SELECTOR = YES;
				GCC_WARN_UNINITIALIZED_AUTOS = YES_AGGRESSIVE;
				GCC_WARN_UNUSED_FUNCTION = YES;
				GCC_WARN_UNUSED_VARIABLE = YES;
				IPHONEOS_DEPLOYMENT_TARGET = 13.0;
				MTL_ENABLE_DEBUG_INFO = NO;
				MTL_FAST_MATH = YES;
				SDKROOT = iphoneos;
				SWIFT_COMPILATION_MODE = wholemodule;
				SWIFT_OPTIMIZATION_LEVEL = "-O";
				VALIDATE_PRODUCT = YES;
			};
			name = Release;
		};
		CAE6A80624639656001D713A /* Debug */ = {
			isa = XCBuildConfiguration;
			buildSettings = {
				ASSETCATALOG_COMPILER_APPICON_NAME = AppIcon;
				CODE_SIGN_STYLE = Automatic;
				DEVELOPMENT_TEAM = M54A7BX79B;
				INFOPLIST_FILE = "iTunes Search/Info.plist";
				LD_RUNPATH_SEARCH_PATHS = (
					"$(inherited)",
					"@executable_path/Frameworks",
				);
				PRODUCT_BUNDLE_IDENTIFIER = "com.bohdantkachenko.iTunes-Search";
				PRODUCT_NAME = "$(TARGET_NAME)";
				SWIFT_VERSION = 5.0;
				TARGETED_DEVICE_FAMILY = "1,2";
			};
			name = Debug;
		};
		CAE6A80724639656001D713A /* Release */ = {
			isa = XCBuildConfiguration;
			buildSettings = {
				ASSETCATALOG_COMPILER_APPICON_NAME = AppIcon;
				CODE_SIGN_STYLE = Automatic;
				DEVELOPMENT_TEAM = M54A7BX79B;
				INFOPLIST_FILE = "iTunes Search/Info.plist";
				LD_RUNPATH_SEARCH_PATHS = (
					"$(inherited)",
					"@executable_path/Frameworks",
				);
				PRODUCT_BUNDLE_IDENTIFIER = "com.bohdantkachenko.iTunes-Search";
				PRODUCT_NAME = "$(TARGET_NAME)";
				SWIFT_VERSION = 5.0;
				TARGETED_DEVICE_FAMILY = "1,2";
			};
			name = Release;
		};
/* End XCBuildConfiguration section */

/* Begin XCConfigurationList section */
		CAE6A7EC24639652001D713A /* Build configuration list for PBXProject "iTunes Search" */ = {
			isa = XCConfigurationList;
			buildConfigurations = (
				CAE6A80324639656001D713A /* Debug */,
				CAE6A80424639656001D713A /* Release */,
			);
			defaultConfigurationIsVisible = 0;
			defaultConfigurationName = Release;
		};
		CAE6A80524639656001D713A /* Build configuration list for PBXNativeTarget "iTunes Search" */ = {
			isa = XCConfigurationList;
			buildConfigurations = (
				CAE6A80624639656001D713A /* Debug */,
				CAE6A80724639656001D713A /* Release */,
			);
			defaultConfigurationIsVisible = 0;
			defaultConfigurationName = Release;
		};
/* End XCConfigurationList section */
	};
	rootObject = CAE6A7E924639652001D713A /* Project object */;
}
